
Microsoft Visual Studio Solution File, Format Version 12.00
# Visual Studio 15
VisualStudioVersion = 15.0.26430.16
MinimumVisualStudioVersion = 10.0.40219.1
Project("{9A19103F-16F7-4668-BE54-9A1E7A4F7556}") = "BookLibraryApi", "BookLibraryApi\BookLibraryApi.csproj", "{72E44DF6-67D6-4E06-A813-8A298843431A}"
EndProject
Project("{9A19103F-16F7-4668-BE54-9A1E7A4F7556}") = "BookLibraryApi.Models", "BookLibraryApi.Models\BookLibraryApi.Models.csproj", "{D27BDE75-DA51-41B6-A68C-07BA5125B711}"
EndProject
Project("{9A19103F-16F7-4668-BE54-9A1E7A4F7556}") = "BookLibraryApi.Controllers", "BookLibraryApi.Controllers\BookLibraryApi.Controllers.csproj", "{044621F8-B182-4ED3-9B52-7CECE3673956}"
EndProject
Project("{9A19103F-16F7-4668-BE54-9A1E7A4F7556}") = "BookLibraryApi.Repositories", "BookLibraryApi.Repositories\BookLibraryApi.Repositories.csproj", "{A40BD8DD-AAE9-45BE-B50A-F20E266297F5}"
EndProject
Project("{9A19103F-16F7-4668-BE54-9A1E7A4F7556}") = "Common", "Common\Common.csproj", "{13478E41-5490-4930-9C51-CCF5080CA248}"
EndProject
Project("{FAE04EC0-301F-11D3-BF4B-00C04F79EFBC}") = "BookLibraryApi.Data.Common", "BookLibraryApi.Data.Common\BookLibraryApi.Data.Common.csproj", "{62B76B2F-B64A-4837-ADA3-AE608CC6EB73}"
EndProject
Global
	GlobalSection(SolutionConfigurationPlatforms) = preSolution
		Debug|Any CPU = Debug|Any CPU
		Release|Any CPU = Release|Any CPU
	EndGlobalSection
	GlobalSection(ProjectConfigurationPlatforms) = postSolution
		{72E44DF6-67D6-4E06-A813-8A298843431A}.Debug|Any CPU.ActiveCfg = Debug|Any CPU
		{72E44DF6-67D6-4E06-A813-8A298843431A}.Debug|Any CPU.Build.0 = Debug|Any CPU
		{72E44DF6-67D6-4E06-A813-8A298843431A}.Release|Any CPU.ActiveCfg = Release|Any CPU
		{72E44DF6-67D6-4E06-A813-8A298843431A}.Release|Any CPU.Build.0 = Release|Any CPU
		{D27BDE75-DA51-41B6-A68C-07BA5125B711}.Debug|Any CPU.ActiveCfg = Debug|Any CPU
		{D27BDE75-DA51-41B6-A68C-07BA5125B711}.Debug|Any CPU.Build.0 = Debug|Any CPU
		{D27BDE75-DA51-41B6-A68C-07BA5125B711}.Release|Any CPU.ActiveCfg = Release|Any CPU
		{D27BDE75-DA51-41B6-A68C-07BA5125B711}.Release|Any CPU.Build.0 = Release|Any CPU
		{044621F8-B182-4ED3-9B52-7CECE3673956}.Debug|Any CPU.ActiveCfg = Debug|Any CPU
		{044621F8-B182-4ED3-9B52-7CECE3673956}.Debug|Any CPU.Build.0 = Debug|Any CPU
		{044621F8-B182-4ED3-9B52-7CECE3673956}.Release|Any CPU.ActiveCfg = Release|Any CPU
		{044621F8-B182-4ED3-9B52-7CECE3673956}.Release|Any CPU.Build.0 = Release|Any CPU
		{A40BD8DD-AAE9-45BE-B50A-F20E266297F5}.Debug|Any CPU.ActiveCfg = Debug|Any CPU
		{A40BD8DD-AAE9-45BE-B50A-F20E266297F5}.Debug|Any CPU.Build.0 = Debug|Any CPU
		{A40BD8DD-AAE9-45BE-B50A-F20E266297F5}.Release|Any CPU.ActiveCfg = Release|Any CPU
		{A40BD8DD-AAE9-45BE-B50A-F20E266297F5}.Release|Any CPU.Build.0 = Release|Any CPU
		{13478E41-5490-4930-9C51-CCF5080CA248}.Debug|Any CPU.ActiveCfg = Debug|Any CPU
		{13478E41-5490-4930-9C51-CCF5080CA248}.Debug|Any CPU.Build.0 = Debug|Any CPU
		{13478E41-5490-4930-9C51-CCF5080CA248}.Release|Any CPU.ActiveCfg = Release|Any CPU
		{13478E41-5490-4930-9C51-CCF5080CA248}.Release|Any CPU.Build.0 = Release|Any CPU
		{62B76B2F-B64A-4837-ADA3-AE608CC6EB73}.Debug|Any CPU.ActiveCfg = Debug|Any CPU
		{62B76B2F-B64A-4837-ADA3-AE608CC6EB73}.Debug|Any CPU.Build.0 = Debug|Any CPU
		{62B76B2F-B64A-4837-ADA3-AE608CC6EB73}.Release|Any CPU.ActiveCfg = Release|Any CPU
		{62B76B2F-B64A-4837-ADA3-AE608CC6EB73}.Release|Any CPU.Build.0 = Release|Any CPU
	EndGlobalSection
	GlobalSection(SolutionProperties) = preSolution
		HideSolutionNode = FALSE
	EndGlobalSection
EndGlobal
