
Microsoft Visual Studio Solution File, Format Version 12.00
# Visual Studio 15
VisualStudioVersion = 15.0.26430.16
MinimumVisualStudioVersion = 10.0.40219.1
Project("{9A19103F-16F7-4668-BE54-9A1E7A4F7556}") = "HomeLibraryApi", "HomeLibraryApi\HomeLibraryApi.csproj", "{72E44DF6-67D6-4E06-A813-8A298843431A}"
EndProject
Project("{9A19103F-16F7-4668-BE54-9A1E7A4F7556}") = "HomeLibraryApi.Models", "HomeLibraryApi.Models\HomeLibraryApi.Models.csproj", "{D27BDE75-DA51-41B6-A68C-07BA5125B711}"
EndProject
Project("{FAE04EC0-301F-11D3-BF4B-00C04F79EFBC}") = "HomeLibraryApi.Controllers", "HomeLibraryApi.Controllers\HomeLibraryApi.Controllers.csproj", "{044621F8-B182-4ED3-9B52-7CECE3673956}"
EndProject
Global
	GlobalSection(SolutionConfigurationPlatforms) = preSolution
		Debug|Any CPU = Debug|Any CPU
		Release|Any CPU = Release|Any CPU
	EndGlobalSection
	GlobalSection(ProjectConfigurationPlatforms) = postSolution
		{72E44DF6-67D6-4E06-A813-8A298843431A}.Debug|Any CPU.ActiveCfg = Debug|Any CPU
		{72E44DF6-67D6-4E06-A813-8A298843431A}.Debug|Any CPU.Build.0 = Debug|Any CPU
		{72E44DF6-67D6-4E06-A813-8A298843431A}.Release|Any CPU.ActiveCfg = Release|Any CPU
		{72E44DF6-67D6-4E06-A813-8A298843431A}.Release|Any CPU.Build.0 = Release|Any CPU
		{D27BDE75-DA51-41B6-A68C-07BA5125B711}.Debug|Any CPU.ActiveCfg = Debug|Any CPU
		{D27BDE75-DA51-41B6-A68C-07BA5125B711}.Debug|Any CPU.Build.0 = Debug|Any CPU
		{D27BDE75-DA51-41B6-A68C-07BA5125B711}.Release|Any CPU.ActiveCfg = Release|Any CPU
		{D27BDE75-DA51-41B6-A68C-07BA5125B711}.Release|Any CPU.Build.0 = Release|Any CPU
		{044621F8-B182-4ED3-9B52-7CECE3673956}.Debug|Any CPU.ActiveCfg = Debug|Any CPU
		{044621F8-B182-4ED3-9B52-7CECE3673956}.Debug|Any CPU.Build.0 = Debug|Any CPU
		{044621F8-B182-4ED3-9B52-7CECE3673956}.Release|Any CPU.ActiveCfg = Release|Any CPU
		{044621F8-B182-4ED3-9B52-7CECE3673956}.Release|Any CPU.Build.0 = Release|Any CPU
	EndGlobalSection
	GlobalSection(SolutionProperties) = preSolution
		HideSolutionNode = FALSE
	EndGlobalSection
EndGlobal
